
Microsoft Visual Studio Solution File, Format Version 12.00
# Visual Studio Version 17
VisualStudioVersion = 17.11.35222.181
MinimumVisualStudioVersion = 10.0.40219.1
Project("{2150E333-8FDC-42A3-9474-1A3956D46DE8}") = "Task0", "Task0", "{268E7B9D-8AF1-4B44-BAE4-BA73071C810D}"
EndProject
Project("{2150E333-8FDC-42A3-9474-1A3956D46DE8}") = "Task1", "Task1", "{7E89A49F-D1C5-4605-986B-A8BA663AD04C}"
EndProject
Project("{2150E333-8FDC-42A3-9474-1A3956D46DE8}") = "Task2", "Task2", "{517CD3E7-CD72-4F38-83AF-4DBC08EB7F15}"
EndProject
Project("{2150E333-8FDC-42A3-9474-1A3956D46DE8}") = "Task3", "Task3", "{4996CC6C-CFAB-47FC-8789-43B77F219F42}"
EndProject
Project("{2150E333-8FDC-42A3-9474-1A3956D46DE8}") = "Task4", "Task4", "{69DBE852-8914-47B6-9E08-094B59E8E46C}"
EndProject
Project("{2150E333-8FDC-42A3-9474-1A3956D46DE8}") = "Task5", "Task5", "{3C77F508-CA3E-4A19-80FA-BE5BD202104B}"
EndProject
Project("{2150E333-8FDC-42A3-9474-1A3956D46DE8}") = "Task6", "Task6", "{F8FD7C7B-4719-40F2-8247-03429897DB50}"
EndProject
Project("{2150E333-8FDC-42A3-9474-1A3956D46DE8}") = "Task7", "Task7", "{7256E1EC-4D4F-4D00-9094-E6598A61E2A3}"
EndProject
Project("{FAE04EC0-301F-11D3-BF4B-00C04F79EFBC}") = "Tyuiu.ZaharovVV.Sprint3.Task0.V16", "Tyuiu.ZaharovVV.Sprint3.Task0.V16\Tyuiu.ZaharovVV.Sprint3.Task0.V16.csproj", "{8457A241-195B-452F-9BE6-D81FF29F0BAB}"
EndProject
Project("{FAE04EC0-301F-11D3-BF4B-00C04F79EFBC}") = "Tyuiu.ZaharovVV.Sprint3.Task0.V16.Test", "Tyuiu.ZaharovVV.Sprint3.Task0.V16.Test\Tyuiu.ZaharovVV.Sprint3.Task0.V16.Test.csproj", "{58B70A9E-B356-4B13-93DA-B6B6C14AB7A5}"
EndProject
Project("{FAE04EC0-301F-11D3-BF4B-00C04F79EFBC}") = "Tyuiu.ZaharovVV.Sprint3.Task1.V7", "Tyuiu.ZaharovVV.Sprint3.Task1.V7\Tyuiu.ZaharovVV.Sprint3.Task1.V7.csproj", "{9750012D-1B1F-4ADA-8D1F-59ED96A308FD}"
EndProject
Project("{FAE04EC0-301F-11D3-BF4B-00C04F79EFBC}") = "Tyuiu.ZaharovVV.Sprint3.Task1.V7.Test", "Tyuiu.ZaharovVV.Sprint3.Task1.V7.Test\Tyuiu.ZaharovVV.Sprint3.Task1.V7.Test.csproj", "{0ECCD470-65C3-41F1-9B40-47EC9CBE0AB5}"
EndProject
Project("{FAE04EC0-301F-11D3-BF4B-00C04F79EFBC}") = "Tyuiu.ZaharovVV.Sprint3.Task1.V7.Lib", "Tyuiu.ZaharovVV.Sprint3.Task1.V7.Lib\Tyuiu.ZaharovVV.Sprint3.Task1.V7.Lib.csproj", "{BCE20BBE-CBCB-428F-8EF3-43E483F257E2}"
EndProject
Project("{FAE04EC0-301F-11D3-BF4B-00C04F79EFBC}") = "Tyuiu.ZaharovVV.Sprint3.Task2.V3", "Tyuiu.ZaharovVV.Sprint3.Task2.V3\Tyuiu.ZaharovVV.Sprint3.Task2.V3.csproj", "{C039A0D4-F7BA-477B-BB80-03DBFD4854F5}"
EndProject
Project("{FAE04EC0-301F-11D3-BF4B-00C04F79EFBC}") = "Tyuiu.ZaharovVV.Sprint3.Task2.V3.Lib", "Tyuiu.ZaharovVV.Sprint3.Task2.V3.Lib\Tyuiu.ZaharovVV.Sprint3.Task2.V3.Lib.csproj", "{3805AD6E-D7C0-404D-A44E-34DCF81933DC}"
EndProject
Project("{FAE04EC0-301F-11D3-BF4B-00C04F79EFBC}") = "Tyuiu.ZaharovVV.Sprint3.Task3.V9", "Tyuiu.ZaharovVV.Sprint3.Task3.V9\Tyuiu.ZaharovVV.Sprint3.Task3.V9.csproj", "{4C2655B6-48F9-4D06-8A05-E2C51C7ECA05}"
EndProject
Project("{FAE04EC0-301F-11D3-BF4B-00C04F79EFBC}") = "Tyuiu.ZaharovVV.Sprint3.Task2.V3.Test", "Tyuiu.ZaharovVV.Sprint3.Task2.V3.Test\Tyuiu.ZaharovVV.Sprint3.Task2.V3.Test.csproj", "{150FED93-CB62-4EA8-BE78-79251DFEC158}"
EndProject
Project("{FAE04EC0-301F-11D3-BF4B-00C04F79EFBC}") = "Tyuiu.ZaharovVV.Sprint3.Task3.V9.Lib", "Tyuiu.ZaharovVV.Sprint3.Task3.V9.Lib\Tyuiu.ZaharovVV.Sprint3.Task3.V9.Lib.csproj", "{6AE5A03C-8173-4E57-80C8-65CEB5BAEAF2}"
EndProject
Project("{FAE04EC0-301F-11D3-BF4B-00C04F79EFBC}") = "Tyuiu.ZaharovVV.Sprint3.Task3.V9.Test", "Tyuiu.ZaharovVV.Sprint3.Task3.V9.Test\Tyuiu.ZaharovVV.Sprint3.Task3.V9.Test.csproj", "{2B8B2B34-E590-4818-BA31-83270657109F}"
EndProject
Project("{FAE04EC0-301F-11D3-BF4B-00C04F79EFBC}") = "Tyuiu.ZaharovVV.Sprint3.Task4.V20", "Tyuiu.ZaharovVV.Sprint3.Task4.V20\Tyuiu.ZaharovVV.Sprint3.Task4.V20.csproj", "{33BD0ED7-2F52-436E-A957-616DBC843FAB}"
EndProject
Project("{FAE04EC0-301F-11D3-BF4B-00C04F79EFBC}") = "Tyuiu.ZaharovVV.Sprint3.Task4.V20.Test", "Tyuiu.ZaharovVV.Sprint3.Task4.V20.Test\Tyuiu.ZaharovVV.Sprint3.Task4.V20.Test.csproj", "{44795D36-1DC9-4447-8573-64E2A85E607A}"
EndProject
Project("{FAE04EC0-301F-11D3-BF4B-00C04F79EFBC}") = "Tyuiu.ZaharovVV.Sprint3.Task4.V20.Lib", "Tyuiu.ZaharovVV.Sprint3.Task4.V20.Lib\Tyuiu.ZaharovVV.Sprint3.Task4.V20.Lib.csproj", "{E0A0715D-7066-491D-9AAD-84E43E61B686}"
EndProject
Project("{FAE04EC0-301F-11D3-BF4B-00C04F79EFBC}") = "Tyuiu.ZaharovVV.Sprint3.Task5.V2", "Tyuiu.ZaharovVV.Sprint3.Task5.V2\Tyuiu.ZaharovVV.Sprint3.Task5.V2.csproj", "{585B18DB-C22E-4409-A762-DCF6578B88F4}"
EndProject
Project("{FAE04EC0-301F-11D3-BF4B-00C04F79EFBC}") = "Tyuiu.ZaharovVV.Sprint3.Task5.V2.Lib", "Tyuiu.ZaharovVV.Sprint3.Task5.V2.Lib\Tyuiu.ZaharovVV.Sprint3.Task5.V2.Lib.csproj", "{289B3A2E-EDAD-4C98-9D1E-1067A54139B0}"
EndProject
Project("{FAE04EC0-301F-11D3-BF4B-00C04F79EFBC}") = "Tyuiu.ZaharovVV.Sprint3.Task5.V2.Test", "Tyuiu.ZaharovVV.Sprint3.Task5.V2.Test\Tyuiu.ZaharovVV.Sprint3.Task5.V2.Test.csproj", "{E07B64B8-96EE-4569-A0FF-FAF214B783D2}"
EndProject
Project("{FAE04EC0-301F-11D3-BF4B-00C04F79EFBC}") = "Tyuiu.ZaharovVV.Sprint3.Task6.V4", "Tyuiu.ZaharovVV.Sprint3.Task6.V4\Tyuiu.ZaharovVV.Sprint3.Task6.V4.csproj", "{4DBD906C-7908-4280-9FC5-57DAEE0AE0B2}"
EndProject
Project("{FAE04EC0-301F-11D3-BF4B-00C04F79EFBC}") = "Tyuiu.ZaharovVV.Sprint3.Task6.V4.Test", "Tyuiu.ZaharovVV.Sprint3.Task6.V4.Test\Tyuiu.ZaharovVV.Sprint3.Task6.V4.Test.csproj", "{A181B32B-BE5B-4AB4-B363-2D2FA85C00BE}"
EndProject
Project("{FAE04EC0-301F-11D3-BF4B-00C04F79EFBC}") = "Tyuiu.ZaharovVV.Sprint3.Task6.V4.Lib", "Tyuiu.ZaharovVV.Sprint3.Task6.V4.Lib\Tyuiu.ZaharovVV.Sprint3.Task6.V4.Lib.csproj", "{94FEE920-A517-472D-BCAD-8A98C5B6DEF4}"
EndProject
Project("{FAE04EC0-301F-11D3-BF4B-00C04F79EFBC}") = "Tyuiu.ZaharovVV.Sprint3.Task7.V5", "Tyuiu.ZaharovVV.Sprint3.Task7.V5\Tyuiu.ZaharovVV.Sprint3.Task7.V5.csproj", "{D6920282-50CA-441E-BEC7-42A2FAE4FC9F}"
EndProject
Project("{FAE04EC0-301F-11D3-BF4B-00C04F79EFBC}") = "Tyuiu.ZaharovVV.Sprint3.Task7.V5.Lib", "Tyuiu.ZaharovVV.Sprint3.Task7.V5.Lib\Tyuiu.ZaharovVV.Sprint3.Task7.V5.Lib.csproj", "{F62A2B48-AB88-428F-9B03-643819543B70}"
EndProject
Project("{FAE04EC0-301F-11D3-BF4B-00C04F79EFBC}") = "Tyuiu.ZaharovVV.Sprint3.Task7.V5.Test", "Tyuiu.ZaharovVV.Sprint3.Task7.V5.Test\Tyuiu.ZaharovVV.Sprint3.Task7.V5.Test.csproj", "{ACAADF03-B88B-496A-8B81-CFBFA078269C}"
EndProject
Project("{FAE04EC0-301F-11D3-BF4B-00C04F79EFBC}") = "Tyuiu.ZaharovVV.Sprint3.Task0.V16.Lib", "Tyuiu.ZaharovVV.Sprint3.Task0.V16.Lib\Tyuiu.ZaharovVV.Sprint3.Task0.V16.Lib.csproj", "{1A133762-2607-4643-8310-388980514B23}"
EndProject
Global
	GlobalSection(SolutionConfigurationPlatforms) = preSolution
		Debug|Any CPU = Debug|Any CPU
		Release|Any CPU = Release|Any CPU
	EndGlobalSection
	GlobalSection(ProjectConfigurationPlatforms) = postSolution
		{8457A241-195B-452F-9BE6-D81FF29F0BAB}.Debug|Any CPU.ActiveCfg = Debug|Any CPU
		{8457A241-195B-452F-9BE6-D81FF29F0BAB}.Debug|Any CPU.Build.0 = Debug|Any CPU
		{8457A241-195B-452F-9BE6-D81FF29F0BAB}.Release|Any CPU.ActiveCfg = Release|Any CPU
		{8457A241-195B-452F-9BE6-D81FF29F0BAB}.Release|Any CPU.Build.0 = Release|Any CPU
		{58B70A9E-B356-4B13-93DA-B6B6C14AB7A5}.Debug|Any CPU.ActiveCfg = Debug|Any CPU
		{58B70A9E-B356-4B13-93DA-B6B6C14AB7A5}.Debug|Any CPU.Build.0 = Debug|Any CPU
		{58B70A9E-B356-4B13-93DA-B6B6C14AB7A5}.Release|Any CPU.ActiveCfg = Release|Any CPU
		{58B70A9E-B356-4B13-93DA-B6B6C14AB7A5}.Release|Any CPU.Build.0 = Release|Any CPU
		{9750012D-1B1F-4ADA-8D1F-59ED96A308FD}.Debug|Any CPU.ActiveCfg = Debug|Any CPU
		{9750012D-1B1F-4ADA-8D1F-59ED96A308FD}.Debug|Any CPU.Build.0 = Debug|Any CPU
		{9750012D-1B1F-4ADA-8D1F-59ED96A308FD}.Release|Any CPU.ActiveCfg = Release|Any CPU
		{9750012D-1B1F-4ADA-8D1F-59ED96A308FD}.Release|Any CPU.Build.0 = Release|Any CPU
		{0ECCD470-65C3-41F1-9B40-47EC9CBE0AB5}.Debug|Any CPU.ActiveCfg = Debug|Any CPU
		{0ECCD470-65C3-41F1-9B40-47EC9CBE0AB5}.Debug|Any CPU.Build.0 = Debug|Any CPU
		{0ECCD470-65C3-41F1-9B40-47EC9CBE0AB5}.Release|Any CPU.ActiveCfg = Release|Any CPU
		{0ECCD470-65C3-41F1-9B40-47EC9CBE0AB5}.Release|Any CPU.Build.0 = Release|Any CPU
		{BCE20BBE-CBCB-428F-8EF3-43E483F257E2}.Debug|Any CPU.ActiveCfg = Debug|Any CPU
		{BCE20BBE-CBCB-428F-8EF3-43E483F257E2}.Debug|Any CPU.Build.0 = Debug|Any CPU
		{BCE20BBE-CBCB-428F-8EF3-43E483F257E2}.Release|Any CPU.ActiveCfg = Release|Any CPU
		{BCE20BBE-CBCB-428F-8EF3-43E483F257E2}.Release|Any CPU.Build.0 = Release|Any CPU
		{C039A0D4-F7BA-477B-BB80-03DBFD4854F5}.Debug|Any CPU.ActiveCfg = Debug|Any CPU
		{C039A0D4-F7BA-477B-BB80-03DBFD4854F5}.Debug|Any CPU.Build.0 = Debug|Any CPU
		{C039A0D4-F7BA-477B-BB80-03DBFD4854F5}.Release|Any CPU.ActiveCfg = Release|Any CPU
		{C039A0D4-F7BA-477B-BB80-03DBFD4854F5}.Release|Any CPU.Build.0 = Release|Any CPU
		{3805AD6E-D7C0-404D-A44E-34DCF81933DC}.Debug|Any CPU.ActiveCfg = Debug|Any CPU
		{3805AD6E-D7C0-404D-A44E-34DCF81933DC}.Debug|Any CPU.Build.0 = Debug|Any CPU
		{3805AD6E-D7C0-404D-A44E-34DCF81933DC}.Release|Any CPU.ActiveCfg = Release|Any CPU
		{3805AD6E-D7C0-404D-A44E-34DCF81933DC}.Release|Any CPU.Build.0 = Release|Any CPU
		{4C2655B6-48F9-4D06-8A05-E2C51C7ECA05}.Debug|Any CPU.ActiveCfg = Debug|Any CPU
		{4C2655B6-48F9-4D06-8A05-E2C51C7ECA05}.Debug|Any CPU.Build.0 = Debug|Any CPU
		{4C2655B6-48F9-4D06-8A05-E2C51C7ECA05}.Release|Any CPU.ActiveCfg = Release|Any CPU
		{4C2655B6-48F9-4D06-8A05-E2C51C7ECA05}.Release|Any CPU.Build.0 = Release|Any CPU
		{150FED93-CB62-4EA8-BE78-79251DFEC158}.Debug|Any CPU.ActiveCfg = Debug|Any CPU
		{150FED93-CB62-4EA8-BE78-79251DFEC158}.Debug|Any CPU.Build.0 = Debug|Any CPU
		{150FED93-CB62-4EA8-BE78-79251DFEC158}.Release|Any CPU.ActiveCfg = Release|Any CPU
		{150FED93-CB62-4EA8-BE78-79251DFEC158}.Release|Any CPU.Build.0 = Release|Any CPU
		{6AE5A03C-8173-4E57-80C8-65CEB5BAEAF2}.Debug|Any CPU.ActiveCfg = Debug|Any CPU
		{6AE5A03C-8173-4E57-80C8-65CEB5BAEAF2}.Debug|Any CPU.Build.0 = Debug|Any CPU
		{6AE5A03C-8173-4E57-80C8-65CEB5BAEAF2}.Release|Any CPU.ActiveCfg = Release|Any CPU
		{6AE5A03C-8173-4E57-80C8-65CEB5BAEAF2}.Release|Any CPU.Build.0 = Release|Any CPU
		{2B8B2B34-E590-4818-BA31-83270657109F}.Debug|Any CPU.ActiveCfg = Debug|Any CPU
		{2B8B2B34-E590-4818-BA31-83270657109F}.Debug|Any CPU.Build.0 = Debug|Any CPU
		{2B8B2B34-E590-4818-BA31-83270657109F}.Release|Any CPU.ActiveCfg = Release|Any CPU
		{2B8B2B34-E590-4818-BA31-83270657109F}.Release|Any CPU.Build.0 = Release|Any CPU
		{33BD0ED7-2F52-436E-A957-616DBC843FAB}.Debug|Any CPU.ActiveCfg = Debug|Any CPU
		{33BD0ED7-2F52-436E-A957-616DBC843FAB}.Debug|Any CPU.Build.0 = Debug|Any CPU
		{33BD0ED7-2F52-436E-A957-616DBC843FAB}.Release|Any CPU.ActiveCfg = Release|Any CPU
		{33BD0ED7-2F52-436E-A957-616DBC843FAB}.Release|Any CPU.Build.0 = Release|Any CPU
		{44795D36-1DC9-4447-8573-64E2A85E607A}.Debug|Any CPU.ActiveCfg = Debug|Any CPU
		{44795D36-1DC9-4447-8573-64E2A85E607A}.Debug|Any CPU.Build.0 = Debug|Any CPU
		{44795D36-1DC9-4447-8573-64E2A85E607A}.Release|Any CPU.ActiveCfg = Release|Any CPU
		{44795D36-1DC9-4447-8573-64E2A85E607A}.Release|Any CPU.Build.0 = Release|Any CPU
		{E0A0715D-7066-491D-9AAD-84E43E61B686}.Debug|Any CPU.ActiveCfg = Debug|Any CPU
		{E0A0715D-7066-491D-9AAD-84E43E61B686}.Debug|Any CPU.Build.0 = Debug|Any CPU
		{E0A0715D-7066-491D-9AAD-84E43E61B686}.Release|Any CPU.ActiveCfg = Release|Any CPU
		{E0A0715D-7066-491D-9AAD-84E43E61B686}.Release|Any CPU.Build.0 = Release|Any CPU
		{585B18DB-C22E-4409-A762-DCF6578B88F4}.Debug|Any CPU.ActiveCfg = Debug|Any CPU
		{585B18DB-C22E-4409-A762-DCF6578B88F4}.Debug|Any CPU.Build.0 = Debug|Any CPU
		{585B18DB-C22E-4409-A762-DCF6578B88F4}.Release|Any CPU.ActiveCfg = Release|Any CPU
		{585B18DB-C22E-4409-A762-DCF6578B88F4}.Release|Any CPU.Build.0 = Release|Any CPU
		{289B3A2E-EDAD-4C98-9D1E-1067A54139B0}.Debug|Any CPU.ActiveCfg = Debug|Any CPU
		{289B3A2E-EDAD-4C98-9D1E-1067A54139B0}.Debug|Any CPU.Build.0 = Debug|Any CPU
		{289B3A2E-EDAD-4C98-9D1E-1067A54139B0}.Release|Any CPU.ActiveCfg = Release|Any CPU
		{289B3A2E-EDAD-4C98-9D1E-1067A54139B0}.Release|Any CPU.Build.0 = Release|Any CPU
		{E07B64B8-96EE-4569-A0FF-FAF214B783D2}.Debug|Any CPU.ActiveCfg = Debug|Any CPU
		{E07B64B8-96EE-4569-A0FF-FAF214B783D2}.Debug|Any CPU.Build.0 = Debug|Any CPU
		{E07B64B8-96EE-4569-A0FF-FAF214B783D2}.Release|Any CPU.ActiveCfg = Release|Any CPU
		{E07B64B8-96EE-4569-A0FF-FAF214B783D2}.Release|Any CPU.Build.0 = Release|Any CPU
		{4DBD906C-7908-4280-9FC5-57DAEE0AE0B2}.Debug|Any CPU.ActiveCfg = Debug|Any CPU
		{4DBD906C-7908-4280-9FC5-57DAEE0AE0B2}.Debug|Any CPU.Build.0 = Debug|Any CPU
		{4DBD906C-7908-4280-9FC5-57DAEE0AE0B2}.Release|Any CPU.ActiveCfg = Release|Any CPU
		{4DBD906C-7908-4280-9FC5-57DAEE0AE0B2}.Release|Any CPU.Build.0 = Release|Any CPU
		{A181B32B-BE5B-4AB4-B363-2D2FA85C00BE}.Debug|Any CPU.ActiveCfg = Debug|Any CPU
		{A181B32B-BE5B-4AB4-B363-2D2FA85C00BE}.Debug|Any CPU.Build.0 = Debug|Any CPU
		{A181B32B-BE5B-4AB4-B363-2D2FA85C00BE}.Release|Any CPU.ActiveCfg = Release|Any CPU
		{A181B32B-BE5B-4AB4-B363-2D2FA85C00BE}.Release|Any CPU.Build.0 = Release|Any CPU
		{94FEE920-A517-472D-BCAD-8A98C5B6DEF4}.Debug|Any CPU.ActiveCfg = Debug|Any CPU
		{94FEE920-A517-472D-BCAD-8A98C5B6DEF4}.Debug|Any CPU.Build.0 = Debug|Any CPU
		{94FEE920-A517-472D-BCAD-8A98C5B6DEF4}.Release|Any CPU.ActiveCfg = Release|Any CPU
		{94FEE920-A517-472D-BCAD-8A98C5B6DEF4}.Release|Any CPU.Build.0 = Release|Any CPU
		{D6920282-50CA-441E-BEC7-42A2FAE4FC9F}.Debug|Any CPU.ActiveCfg = Debug|Any CPU
		{D6920282-50CA-441E-BEC7-42A2FAE4FC9F}.Debug|Any CPU.Build.0 = Debug|Any CPU
		{D6920282-50CA-441E-BEC7-42A2FAE4FC9F}.Release|Any CPU.ActiveCfg = Release|Any CPU
		{D6920282-50CA-441E-BEC7-42A2FAE4FC9F}.Release|Any CPU.Build.0 = Release|Any CPU
		{F62A2B48-AB88-428F-9B03-643819543B70}.Debug|Any CPU.ActiveCfg = Debug|Any CPU
		{F62A2B48-AB88-428F-9B03-643819543B70}.Debug|Any CPU.Build.0 = Debug|Any CPU
		{F62A2B48-AB88-428F-9B03-643819543B70}.Release|Any CPU.ActiveCfg = Release|Any CPU
		{F62A2B48-AB88-428F-9B03-643819543B70}.Release|Any CPU.Build.0 = Release|Any CPU
		{ACAADF03-B88B-496A-8B81-CFBFA078269C}.Debug|Any CPU.ActiveCfg = Debug|Any CPU
		{ACAADF03-B88B-496A-8B81-CFBFA078269C}.Debug|Any CPU.Build.0 = Debug|Any CPU
		{ACAADF03-B88B-496A-8B81-CFBFA078269C}.Release|Any CPU.ActiveCfg = Release|Any CPU
		{ACAADF03-B88B-496A-8B81-CFBFA078269C}.Release|Any CPU.Build.0 = Release|Any CPU
		{1A133762-2607-4643-8310-388980514B23}.Debug|Any CPU.ActiveCfg = Debug|Any CPU
		{1A133762-2607-4643-8310-388980514B23}.Debug|Any CPU.Build.0 = Debug|Any CPU
		{1A133762-2607-4643-8310-388980514B23}.Release|Any CPU.ActiveCfg = Release|Any CPU
		{1A133762-2607-4643-8310-388980514B23}.Release|Any CPU.Build.0 = Release|Any CPU
	EndGlobalSection
	GlobalSection(SolutionProperties) = preSolution
		HideSolutionNode = FALSE
	EndGlobalSection
	GlobalSection(NestedProjects) = preSolution
		{8457A241-195B-452F-9BE6-D81FF29F0BAB} = {268E7B9D-8AF1-4B44-BAE4-BA73071C810D}
		{58B70A9E-B356-4B13-93DA-B6B6C14AB7A5} = {268E7B9D-8AF1-4B44-BAE4-BA73071C810D}
		{9750012D-1B1F-4ADA-8D1F-59ED96A308FD} = {7E89A49F-D1C5-4605-986B-A8BA663AD04C}
		{0ECCD470-65C3-41F1-9B40-47EC9CBE0AB5} = {7E89A49F-D1C5-4605-986B-A8BA663AD04C}
		{BCE20BBE-CBCB-428F-8EF3-43E483F257E2} = {7E89A49F-D1C5-4605-986B-A8BA663AD04C}
		{C039A0D4-F7BA-477B-BB80-03DBFD4854F5} = {517CD3E7-CD72-4F38-83AF-4DBC08EB7F15}
		{3805AD6E-D7C0-404D-A44E-34DCF81933DC} = {517CD3E7-CD72-4F38-83AF-4DBC08EB7F15}
		{4C2655B6-48F9-4D06-8A05-E2C51C7ECA05} = {4996CC6C-CFAB-47FC-8789-43B77F219F42}
		{150FED93-CB62-4EA8-BE78-79251DFEC158} = {517CD3E7-CD72-4F38-83AF-4DBC08EB7F15}
		{6AE5A03C-8173-4E57-80C8-65CEB5BAEAF2} = {4996CC6C-CFAB-47FC-8789-43B77F219F42}
		{2B8B2B34-E590-4818-BA31-83270657109F} = {4996CC6C-CFAB-47FC-8789-43B77F219F42}
		{33BD0ED7-2F52-436E-A957-616DBC843FAB} = {69DBE852-8914-47B6-9E08-094B59E8E46C}
		{44795D36-1DC9-4447-8573-64E2A85E607A} = {69DBE852-8914-47B6-9E08-094B59E8E46C}
		{E0A0715D-7066-491D-9AAD-84E43E61B686} = {69DBE852-8914-47B6-9E08-094B59E8E46C}
		{585B18DB-C22E-4409-A762-DCF6578B88F4} = {3C77F508-CA3E-4A19-80FA-BE5BD202104B}
		{289B3A2E-EDAD-4C98-9D1E-1067A54139B0} = {3C77F508-CA3E-4A19-80FA-BE5BD202104B}
		{E07B64B8-96EE-4569-A0FF-FAF214B783D2} = {3C77F508-CA3E-4A19-80FA-BE5BD202104B}
		{4DBD906C-7908-4280-9FC5-57DAEE0AE0B2} = {F8FD7C7B-4719-40F2-8247-03429897DB50}
		{A181B32B-BE5B-4AB4-B363-2D2FA85C00BE} = {F8FD7C7B-4719-40F2-8247-03429897DB50}
		{94FEE920-A517-472D-BCAD-8A98C5B6DEF4} = {F8FD7C7B-4719-40F2-8247-03429897DB50}
		{D6920282-50CA-441E-BEC7-42A2FAE4FC9F} = {7256E1EC-4D4F-4D00-9094-E6598A61E2A3}
		{F62A2B48-AB88-428F-9B03-643819543B70} = {7256E1EC-4D4F-4D00-9094-E6598A61E2A3}
		{ACAADF03-B88B-496A-8B81-CFBFA078269C} = {7256E1EC-4D4F-4D00-9094-E6598A61E2A3}
		{1A133762-2607-4643-8310-388980514B23} = {268E7B9D-8AF1-4B44-BAE4-BA73071C810D}
	EndGlobalSection
	GlobalSection(ExtensibilityGlobals) = postSolution
		SolutionGuid = {6CC5A97A-4B51-4D52-9BF3-0F17367CDB94}
	EndGlobalSection
EndGlobal
